
Microsoft Visual Studio Solution File, Format Version 12.00
# Visual Studio Version 17
VisualStudioVersion = 17.1.32319.34
MinimumVisualStudioVersion = 10.0.40219.1
Project("{2150E333-8FDC-42A3-9474-1A3956D46DE8}") = "Domain", "Domain", "{03314A5F-EEF4-4EB4-A1A5-60FC1009A507}"
EndProject
Project("{2150E333-8FDC-42A3-9474-1A3956D46DE8}") = "Infra.Bus", "Infra.Bus", "{E5EBA925-1243-4105-BB22-B6BF8B5FD1B1}"
EndProject
Project("{2150E333-8FDC-42A3-9474-1A3956D46DE8}") = "Infra.IoC", "Infra.IoC", "{0CA15BDC-24BE-4A40-8575-AF66891561FC}"
EndProject
Project("{2150E333-8FDC-42A3-9474-1A3956D46DE8}") = "Microservices", "Microservices", "{84A73D83-24A2-4BEA-ADCC-37ADDCC27C12}"
EndProject
Project("{9A19103F-16F7-4668-BE54-9A1E7A4F7556}") = "MicroRabbit.Domain.Core", "MicroRabbit.Domain.Core\MicroRabbit.Domain.Core.csproj", "{AE315AA8-9AC1-4736-96BC-DFC02B8A972E}"
EndProject
Project("{9A19103F-16F7-4668-BE54-9A1E7A4F7556}") = "MicroRabbit.Infra.Bus", "MicroRabbit.Infra.Bus\MicroRabbit.Infra.Bus.csproj", "{57392090-264D-4249-ABB8-A496A64C92D0}"
EndProject
Project("{9A19103F-16F7-4668-BE54-9A1E7A4F7556}") = "MicroRabbit.Infra.IoC", "MicroRabbit.Infra.IoC\MicroRabbit.Infra.IoC.csproj", "{6DE03EC5-0AC6-460C-A650-640BD449CFAC}"
EndProject
Project("{2150E333-8FDC-42A3-9474-1A3956D46DE8}") = "Banking", "Banking", "{1BB6098E-8EF8-4D10-8A10-F82F853727C8}"
EndProject
Project("{2150E333-8FDC-42A3-9474-1A3956D46DE8}") = "Api", "Api", "{340071E1-88E2-4F85-A47B-D663031E49DC}"
EndProject
Project("{2150E333-8FDC-42A3-9474-1A3956D46DE8}") = "Application", "Application", "{05E6FAE3-7A60-417E-9D4D-0FD695DFB641}"
EndProject
Project("{2150E333-8FDC-42A3-9474-1A3956D46DE8}") = "Domain", "Domain", "{A28F6F94-A0D1-43B4-9E76-90C65FC65937}"
EndProject
Project("{2150E333-8FDC-42A3-9474-1A3956D46DE8}") = "Data", "Data", "{065E96C3-DCAB-436D-B7BA-0BD869368D7C}"
EndProject
Project("{9A19103F-16F7-4668-BE54-9A1E7A4F7556}") = "MicroRabbit.Banking.Api", "MicroRabbit.Banking.Api\MicroRabbit.Banking.Api.csproj", "{36AEF8D5-A036-4DEE-812F-EB83C475229F}"
EndProject
Project("{9A19103F-16F7-4668-BE54-9A1E7A4F7556}") = "MicroRabbit.Banking.Application", "MicroRabbit.Banking.Application\MicroRabbit.Banking.Application.csproj", "{13EA8244-F0F1-48FA-A84C-DD07216B4CF4}"
EndProject
Project("{9A19103F-16F7-4668-BE54-9A1E7A4F7556}") = "MicroRabbit.Banking.Data", "MicroRabbit.Banking.Data\MicroRabbit.Banking.Data.csproj", "{D6EB90E4-6865-48F2-B098-7E73D976B2F8}"
EndProject
Project("{9A19103F-16F7-4668-BE54-9A1E7A4F7556}") = "MicroRabbit.Banking.Domain", "MicroRabbit.Banking.Domain\MicroRabbit.Banking.Domain.csproj", "{9B91BFFE-6219-4B9A-9E50-3C17E2F5097E}"
EndProject
Project("{2150E333-8FDC-42A3-9474-1A3956D46DE8}") = "Tranfer", "Tranfer", "{85D98A83-A8A7-4EAF-B58D-F35F2B3F87EF}"
EndProject
Project("{2150E333-8FDC-42A3-9474-1A3956D46DE8}") = "Api", "Api", "{8005B367-339D-451D-B9EB-8CB76813B52B}"
EndProject
Project("{2150E333-8FDC-42A3-9474-1A3956D46DE8}") = "Application", "Application", "{5ED3A21D-12CD-4ED7-8FF1-A6AC8B8F551C}"
EndProject
Project("{2150E333-8FDC-42A3-9474-1A3956D46DE8}") = "Data", "Data", "{A9C6C688-68EB-4FEF-9C61-86662FC4B682}"
EndProject
Project("{2150E333-8FDC-42A3-9474-1A3956D46DE8}") = "Domain", "Domain", "{F692E2C8-689C-4507-BC1A-50760D6FE931}"
EndProject
Project("{FAE04EC0-301F-11D3-BF4B-00C04F79EFBC}") = "MicroRabbit.Transfer.Api", "MicroRabbit.Transfer.Api\MicroRabbit.Transfer.Api.csproj", "{FDA90CD1-866C-4C8C-8413-0E0DB5148FB8}"
EndProject
Project("{FAE04EC0-301F-11D3-BF4B-00C04F79EFBC}") = "MicroRabbit.Transfer.Application", "MicroRabbit.Transfer.Application\MicroRabbit.Transfer.Application.csproj", "{DD95BA3C-2B3A-41BB-A5BB-A25326097E1C}"
EndProject
Project("{FAE04EC0-301F-11D3-BF4B-00C04F79EFBC}") = "MicroRabbit.Transfer.Data", "MicroRabbit.Transfer.Data\MicroRabbit.Transfer.Data.csproj", "{4917B719-B4D4-499F-A491-F06C614D243D}"
EndProject
Project("{FAE04EC0-301F-11D3-BF4B-00C04F79EFBC}") = "MicroRabbit.Transfer.Domain", "MicroRabbit.Transfer.Domain\MicroRabbit.Transfer.Domain.csproj", "{6B3A7F3C-2FC7-4E53-9E33-BC93A4FF3E81}"
EndProject
Global
	GlobalSection(SolutionConfigurationPlatforms) = preSolution
		Debug|Any CPU = Debug|Any CPU
		Release|Any CPU = Release|Any CPU
	EndGlobalSection
	GlobalSection(ProjectConfigurationPlatforms) = postSolution
		{AE315AA8-9AC1-4736-96BC-DFC02B8A972E}.Debug|Any CPU.ActiveCfg = Debug|Any CPU
		{AE315AA8-9AC1-4736-96BC-DFC02B8A972E}.Debug|Any CPU.Build.0 = Debug|Any CPU
		{AE315AA8-9AC1-4736-96BC-DFC02B8A972E}.Release|Any CPU.ActiveCfg = Release|Any CPU
		{AE315AA8-9AC1-4736-96BC-DFC02B8A972E}.Release|Any CPU.Build.0 = Release|Any CPU
		{57392090-264D-4249-ABB8-A496A64C92D0}.Debug|Any CPU.ActiveCfg = Debug|Any CPU
		{57392090-264D-4249-ABB8-A496A64C92D0}.Debug|Any CPU.Build.0 = Debug|Any CPU
		{57392090-264D-4249-ABB8-A496A64C92D0}.Release|Any CPU.ActiveCfg = Release|Any CPU
		{57392090-264D-4249-ABB8-A496A64C92D0}.Release|Any CPU.Build.0 = Release|Any CPU
		{6DE03EC5-0AC6-460C-A650-640BD449CFAC}.Debug|Any CPU.ActiveCfg = Debug|Any CPU
		{6DE03EC5-0AC6-460C-A650-640BD449CFAC}.Debug|Any CPU.Build.0 = Debug|Any CPU
		{6DE03EC5-0AC6-460C-A650-640BD449CFAC}.Release|Any CPU.ActiveCfg = Release|Any CPU
		{6DE03EC5-0AC6-460C-A650-640BD449CFAC}.Release|Any CPU.Build.0 = Release|Any CPU
		{36AEF8D5-A036-4DEE-812F-EB83C475229F}.Debug|Any CPU.ActiveCfg = Debug|Any CPU
		{36AEF8D5-A036-4DEE-812F-EB83C475229F}.Debug|Any CPU.Build.0 = Debug|Any CPU
		{36AEF8D5-A036-4DEE-812F-EB83C475229F}.Release|Any CPU.ActiveCfg = Release|Any CPU
		{36AEF8D5-A036-4DEE-812F-EB83C475229F}.Release|Any CPU.Build.0 = Release|Any CPU
		{13EA8244-F0F1-48FA-A84C-DD07216B4CF4}.Debug|Any CPU.ActiveCfg = Debug|Any CPU
		{13EA8244-F0F1-48FA-A84C-DD07216B4CF4}.Debug|Any CPU.Build.0 = Debug|Any CPU
		{13EA8244-F0F1-48FA-A84C-DD07216B4CF4}.Release|Any CPU.ActiveCfg = Release|Any CPU
		{13EA8244-F0F1-48FA-A84C-DD07216B4CF4}.Release|Any CPU.Build.0 = Release|Any CPU
		{D6EB90E4-6865-48F2-B098-7E73D976B2F8}.Debug|Any CPU.ActiveCfg = Debug|Any CPU
		{D6EB90E4-6865-48F2-B098-7E73D976B2F8}.Debug|Any CPU.Build.0 = Debug|Any CPU
		{D6EB90E4-6865-48F2-B098-7E73D976B2F8}.Release|Any CPU.ActiveCfg = Release|Any CPU
		{D6EB90E4-6865-48F2-B098-7E73D976B2F8}.Release|Any CPU.Build.0 = Release|Any CPU
		{9B91BFFE-6219-4B9A-9E50-3C17E2F5097E}.Debug|Any CPU.ActiveCfg = Debug|Any CPU
		{9B91BFFE-6219-4B9A-9E50-3C17E2F5097E}.Debug|Any CPU.Build.0 = Debug|Any CPU
		{9B91BFFE-6219-4B9A-9E50-3C17E2F5097E}.Release|Any CPU.ActiveCfg = Release|Any CPU
		{9B91BFFE-6219-4B9A-9E50-3C17E2F5097E}.Release|Any CPU.Build.0 = Release|Any CPU
		{FDA90CD1-866C-4C8C-8413-0E0DB5148FB8}.Debug|Any CPU.ActiveCfg = Debug|Any CPU
		{FDA90CD1-866C-4C8C-8413-0E0DB5148FB8}.Debug|Any CPU.Build.0 = Debug|Any CPU
		{FDA90CD1-866C-4C8C-8413-0E0DB5148FB8}.Release|Any CPU.ActiveCfg = Release|Any CPU
		{FDA90CD1-866C-4C8C-8413-0E0DB5148FB8}.Release|Any CPU.Build.0 = Release|Any CPU
		{DD95BA3C-2B3A-41BB-A5BB-A25326097E1C}.Debug|Any CPU.ActiveCfg = Debug|Any CPU
		{DD95BA3C-2B3A-41BB-A5BB-A25326097E1C}.Debug|Any CPU.Build.0 = Debug|Any CPU
		{DD95BA3C-2B3A-41BB-A5BB-A25326097E1C}.Release|Any CPU.ActiveCfg = Release|Any CPU
		{DD95BA3C-2B3A-41BB-A5BB-A25326097E1C}.Release|Any CPU.Build.0 = Release|Any CPU
		{4917B719-B4D4-499F-A491-F06C614D243D}.Debug|Any CPU.ActiveCfg = Debug|Any CPU
		{4917B719-B4D4-499F-A491-F06C614D243D}.Debug|Any CPU.Build.0 = Debug|Any CPU
		{4917B719-B4D4-499F-A491-F06C614D243D}.Release|Any CPU.ActiveCfg = Release|Any CPU
		{4917B719-B4D4-499F-A491-F06C614D243D}.Release|Any CPU.Build.0 = Release|Any CPU
		{6B3A7F3C-2FC7-4E53-9E33-BC93A4FF3E81}.Debug|Any CPU.ActiveCfg = Debug|Any CPU
		{6B3A7F3C-2FC7-4E53-9E33-BC93A4FF3E81}.Debug|Any CPU.Build.0 = Debug|Any CPU
		{6B3A7F3C-2FC7-4E53-9E33-BC93A4FF3E81}.Release|Any CPU.ActiveCfg = Release|Any CPU
		{6B3A7F3C-2FC7-4E53-9E33-BC93A4FF3E81}.Release|Any CPU.Build.0 = Release|Any CPU
	EndGlobalSection
	GlobalSection(SolutionProperties) = preSolution
		HideSolutionNode = FALSE
	EndGlobalSection
	GlobalSection(NestedProjects) = preSolution
		{AE315AA8-9AC1-4736-96BC-DFC02B8A972E} = {03314A5F-EEF4-4EB4-A1A5-60FC1009A507}
		{57392090-264D-4249-ABB8-A496A64C92D0} = {E5EBA925-1243-4105-BB22-B6BF8B5FD1B1}
		{6DE03EC5-0AC6-460C-A650-640BD449CFAC} = {0CA15BDC-24BE-4A40-8575-AF66891561FC}
		{1BB6098E-8EF8-4D10-8A10-F82F853727C8} = {84A73D83-24A2-4BEA-ADCC-37ADDCC27C12}
		{340071E1-88E2-4F85-A47B-D663031E49DC} = {1BB6098E-8EF8-4D10-8A10-F82F853727C8}
		{05E6FAE3-7A60-417E-9D4D-0FD695DFB641} = {1BB6098E-8EF8-4D10-8A10-F82F853727C8}
		{A28F6F94-A0D1-43B4-9E76-90C65FC65937} = {1BB6098E-8EF8-4D10-8A10-F82F853727C8}
		{065E96C3-DCAB-436D-B7BA-0BD869368D7C} = {1BB6098E-8EF8-4D10-8A10-F82F853727C8}
		{36AEF8D5-A036-4DEE-812F-EB83C475229F} = {340071E1-88E2-4F85-A47B-D663031E49DC}
		{13EA8244-F0F1-48FA-A84C-DD07216B4CF4} = {05E6FAE3-7A60-417E-9D4D-0FD695DFB641}
		{D6EB90E4-6865-48F2-B098-7E73D976B2F8} = {065E96C3-DCAB-436D-B7BA-0BD869368D7C}
		{9B91BFFE-6219-4B9A-9E50-3C17E2F5097E} = {A28F6F94-A0D1-43B4-9E76-90C65FC65937}
		{85D98A83-A8A7-4EAF-B58D-F35F2B3F87EF} = {84A73D83-24A2-4BEA-ADCC-37ADDCC27C12}
		{8005B367-339D-451D-B9EB-8CB76813B52B} = {85D98A83-A8A7-4EAF-B58D-F35F2B3F87EF}
		{5ED3A21D-12CD-4ED7-8FF1-A6AC8B8F551C} = {85D98A83-A8A7-4EAF-B58D-F35F2B3F87EF}
		{A9C6C688-68EB-4FEF-9C61-86662FC4B682} = {85D98A83-A8A7-4EAF-B58D-F35F2B3F87EF}
		{F692E2C8-689C-4507-BC1A-50760D6FE931} = {85D98A83-A8A7-4EAF-B58D-F35F2B3F87EF}
		{FDA90CD1-866C-4C8C-8413-0E0DB5148FB8} = {8005B367-339D-451D-B9EB-8CB76813B52B}
		{DD95BA3C-2B3A-41BB-A5BB-A25326097E1C} = {5ED3A21D-12CD-4ED7-8FF1-A6AC8B8F551C}
		{4917B719-B4D4-499F-A491-F06C614D243D} = {A9C6C688-68EB-4FEF-9C61-86662FC4B682}
		{6B3A7F3C-2FC7-4E53-9E33-BC93A4FF3E81} = {F692E2C8-689C-4507-BC1A-50760D6FE931}
	EndGlobalSection
	GlobalSection(ExtensibilityGlobals) = postSolution
		SolutionGuid = {D02A9097-4958-4BC6-ABFD-85D2E5828C12}
	EndGlobalSection
EndGlobal
